// !$*UTF8*$!
{
	archiveVersion = 1;
	classes = {
	};
	objectVersion = 56;
	objects = {

/* Begin PBXBuildFile section */
		84E6D1522B241D2200D0E3E8 /* Veggie_GardenApp.swift in Sources */ = {isa = PBXBuildFile; fileRef = 84E6D1512B241D2200D0E3E8 /* Veggie_GardenApp.swift */; };
		84E6D1542B241D2200D0E3E8 /* ContentView.swift in Sources */ = {isa = PBXBuildFile; fileRef = 84E6D1532B241D2200D0E3E8 /* ContentView.swift */; };
		84E6D1562B241D2300D0E3E8 /* Assets.xcassets in Resources */ = {isa = PBXBuildFile; fileRef = 84E6D1552B241D2300D0E3E8 /* Assets.xcassets */; };
		84E6D1592B241D2300D0E3E8 /* Preview Assets.xcassets in Resources */ = {isa = PBXBuildFile; fileRef = 84E6D1582B241D2300D0E3E8 /* Preview Assets.xcassets */; };
		84E6D1632B241D2300D0E3E8 /* Veggie_GardenTests.swift in Sources */ = {isa = PBXBuildFile; fileRef = 84E6D1622B241D2300D0E3E8 /* Veggie_GardenTests.swift */; };
		84E6D16D2B241D2300D0E3E8 /* Veggie_GardenUITests.swift in Sources */ = {isa = PBXBuildFile; fileRef = 84E6D16C2B241D2300D0E3E8 /* Veggie_GardenUITests.swift */; };
		84E6D16F2B241D2300D0E3E8 /* Veggie_GardenUITestsLaunchTests.swift in Sources */ = {isa = PBXBuildFile; fileRef = 84E6D16E2B241D2300D0E3E8 /* Veggie_GardenUITestsLaunchTests.swift */; };
		84E6D1882B24231B00D0E3E8 /* Homeview.swift in Sources */ = {isa = PBXBuildFile; fileRef = 84E6D1872B24231B00D0E3E8 /* Homeview.swift */; };
		84E6D1892B24231B00D0E3E8 /* Homeview.swift in Sources */ = {isa = PBXBuildFile; fileRef = 84E6D1872B24231B00D0E3E8 /* Homeview.swift */; };
		84E6D18A2B24231B00D0E3E8 /* Homeview.swift in Sources */ = {isa = PBXBuildFile; fileRef = 84E6D1872B24231B00D0E3E8 /* Homeview.swift */; };
		84E6D18D2B25144400D0E3E8 /* FirebaseAnalytics in Frameworks */ = {isa = PBXBuildFile; productRef = 84E6D18C2B25144400D0E3E8 /* FirebaseAnalytics */; };
		84E6D18F2B25144400D0E3E8 /* FirebaseAnalyticsOnDeviceConversion in Frameworks */ = {isa = PBXBuildFile; productRef = 84E6D18E2B25144400D0E3E8 /* FirebaseAnalyticsOnDeviceConversion */; };
		84E6D1912B25144400D0E3E8 /* FirebaseAnalyticsSwift in Frameworks */ = {isa = PBXBuildFile; productRef = 84E6D1902B25144400D0E3E8 /* FirebaseAnalyticsSwift */; };
		84E6D1932B25144400D0E3E8 /* FirebaseAnalyticsWithoutAdIdSupport in Frameworks */ = {isa = PBXBuildFile; productRef = 84E6D1922B25144400D0E3E8 /* FirebaseAnalyticsWithoutAdIdSupport */; };
		84E6D1952B25144400D0E3E8 /* FirebaseAppCheck in Frameworks */ = {isa = PBXBuildFile; productRef = 84E6D1942B25144400D0E3E8 /* FirebaseAppCheck */; };
		84E6D1972B25144400D0E3E8 /* FirebaseAppDistribution-Beta in Frameworks */ = {isa = PBXBuildFile; productRef = 84E6D1962B25144400D0E3E8 /* FirebaseAppDistribution-Beta */; };
		84E6D1992B25144400D0E3E8 /* FirebaseAuth in Frameworks */ = {isa = PBXBuildFile; productRef = 84E6D1982B25144400D0E3E8 /* FirebaseAuth */; };
		84E6D19B2B25144400D0E3E8 /* FirebaseAuthCombine-Community in Frameworks */ = {isa = PBXBuildFile; productRef = 84E6D19A2B25144400D0E3E8 /* FirebaseAuthCombine-Community */; };
		84E6D19D2B25144400D0E3E8 /* FirebaseCrashlytics in Frameworks */ = {isa = PBXBuildFile; productRef = 84E6D19C2B25144400D0E3E8 /* FirebaseCrashlytics */; };
		84E6D19F2B25144400D0E3E8 /* FirebaseDatabase in Frameworks */ = {isa = PBXBuildFile; productRef = 84E6D19E2B25144400D0E3E8 /* FirebaseDatabase */; };
		84E6D1A12B25144400D0E3E8 /* FirebaseDatabaseSwift in Frameworks */ = {isa = PBXBuildFile; productRef = 84E6D1A02B25144400D0E3E8 /* FirebaseDatabaseSwift */; };
		84E6D1A32B25144400D0E3E8 /* FirebaseDynamicLinks in Frameworks */ = {isa = PBXBuildFile; productRef = 84E6D1A22B25144400D0E3E8 /* FirebaseDynamicLinks */; };
		84E6D1A52B25144400D0E3E8 /* FirebaseFirestore in Frameworks */ = {isa = PBXBuildFile; productRef = 84E6D1A42B25144400D0E3E8 /* FirebaseFirestore */; };
		84E6D1A72B25144400D0E3E8 /* FirebaseFirestoreCombine-Community in Frameworks */ = {isa = PBXBuildFile; productRef = 84E6D1A62B25144400D0E3E8 /* FirebaseFirestoreCombine-Community */; };
		84E6D1A92B25144400D0E3E8 /* FirebaseFirestoreSwift in Frameworks */ = {isa = PBXBuildFile; productRef = 84E6D1A82B25144400D0E3E8 /* FirebaseFirestoreSwift */; };
		84E6D1AB2B25144400D0E3E8 /* FirebaseFunctions in Frameworks */ = {isa = PBXBuildFile; productRef = 84E6D1AA2B25144400D0E3E8 /* FirebaseFunctions */; };
		84E6D1AD2B25144400D0E3E8 /* FirebaseFunctionsCombine-Community in Frameworks */ = {isa = PBXBuildFile; productRef = 84E6D1AC2B25144400D0E3E8 /* FirebaseFunctionsCombine-Community */; };
		84E6D1AF2B25144400D0E3E8 /* FirebaseInAppMessaging-Beta in Frameworks */ = {isa = PBXBuildFile; productRef = 84E6D1AE2B25144400D0E3E8 /* FirebaseInAppMessaging-Beta */; };
		84E6D1B12B25144400D0E3E8 /* FirebaseInAppMessagingSwift-Beta in Frameworks */ = {isa = PBXBuildFile; productRef = 84E6D1B02B25144400D0E3E8 /* FirebaseInAppMessagingSwift-Beta */; };
		84E6D1B32B25144400D0E3E8 /* FirebaseInstallations in Frameworks */ = {isa = PBXBuildFile; productRef = 84E6D1B22B25144400D0E3E8 /* FirebaseInstallations */; };
		84E6D1B52B25144400D0E3E8 /* FirebaseMLModelDownloader in Frameworks */ = {isa = PBXBuildFile; productRef = 84E6D1B42B25144400D0E3E8 /* FirebaseMLModelDownloader */; };
		84E6D1B72B25144400D0E3E8 /* FirebaseMessaging in Frameworks */ = {isa = PBXBuildFile; productRef = 84E6D1B62B25144400D0E3E8 /* FirebaseMessaging */; };
		84E6D1B92B25144400D0E3E8 /* FirebasePerformance in Frameworks */ = {isa = PBXBuildFile; productRef = 84E6D1B82B25144400D0E3E8 /* FirebasePerformance */; };
		84E6D1BB2B25144400D0E3E8 /* FirebaseRemoteConfig in Frameworks */ = {isa = PBXBuildFile; productRef = 84E6D1BA2B25144400D0E3E8 /* FirebaseRemoteConfig */; };
		84E6D1BD2B25144400D0E3E8 /* FirebaseRemoteConfigSwift in Frameworks */ = {isa = PBXBuildFile; productRef = 84E6D1BC2B25144400D0E3E8 /* FirebaseRemoteConfigSwift */; };
		84E6D1BF2B25144400D0E3E8 /* FirebaseStorage in Frameworks */ = {isa = PBXBuildFile; productRef = 84E6D1BE2B25144400D0E3E8 /* FirebaseStorage */; };
		84E6D1C12B25144400D0E3E8 /* FirebaseStorageCombine-Community in Frameworks */ = {isa = PBXBuildFile; productRef = 84E6D1C02B25144400D0E3E8 /* FirebaseStorageCombine-Community */; };
		84E6D1C32B25176000D0E3E8 /* GoogleService-Info.plist in Resources */ = {isa = PBXBuildFile; fileRef = 84E6D1C22B25176000D0E3E8 /* GoogleService-Info.plist */; };
		84E6D1C52B25C05900D0E3E8 /* AuthManager.swift in Sources */ = {isa = PBXBuildFile; fileRef = 84E6D1C42B25C05900D0E3E8 /* AuthManager.swift */; };
		84E6D1C72B25C39400D0E3E8 /* ProfileView.swift in Sources */ = {isa = PBXBuildFile; fileRef = 84E6D1C62B25C39400D0E3E8 /* ProfileView.swift */; };
		84E6D1C82B25C39400D0E3E8 /* ProfileView.swift in Sources */ = {isa = PBXBuildFile; fileRef = 84E6D1C62B25C39400D0E3E8 /* ProfileView.swift */; };
		84E6D1C92B25C39400D0E3E8 /* ProfileView.swift in Sources */ = {isa = PBXBuildFile; fileRef = 84E6D1C62B25C39400D0E3E8 /* ProfileView.swift */; };
		84E6D1CF2B267AD300D0E3E8 /* SIgnUpView.swift in Sources */ = {isa = PBXBuildFile; fileRef = 84E6D1CE2B267AD300D0E3E8 /* SIgnUpView.swift */; };
		84E6D1D02B267AD300D0E3E8 /* SIgnUpView.swift in Sources */ = {isa = PBXBuildFile; fileRef = 84E6D1CE2B267AD300D0E3E8 /* SIgnUpView.swift */; };
		84E6D1D12B267AD300D0E3E8 /* SIgnUpView.swift in Sources */ = {isa = PBXBuildFile; fileRef = 84E6D1CE2B267AD300D0E3E8 /* SIgnUpView.swift */; };
/* End PBXBuildFile section */

/* Begin PBXContainerItemProxy section */
		84E6D15F2B241D2300D0E3E8 /* PBXContainerItemProxy */ = {
			isa = PBXContainerItemProxy;
			containerPortal = 84E6D1462B241D2200D0E3E8 /* Project object */;
			proxyType = 1;
			remoteGlobalIDString = 84E6D14D2B241D2200D0E3E8;
			remoteInfo = "Veggie Garden";
		};
		84E6D1692B241D2300D0E3E8 /* PBXContainerItemProxy */ = {
			isa = PBXContainerItemProxy;
			containerPortal = 84E6D1462B241D2200D0E3E8 /* Project object */;
			proxyType = 1;
			remoteGlobalIDString = 84E6D14D2B241D2200D0E3E8;
			remoteInfo = "Veggie Garden";
		};
/* End PBXContainerItemProxy section */

/* Begin PBXFileReference section */
		84E6D14E2B241D2200D0E3E8 /* Veggie Garden.app */ = {isa = PBXFileReference; explicitFileType = wrapper.application; includeInIndex = 0; path = "Veggie Garden.app"; sourceTree = BUILT_PRODUCTS_DIR; };
		84E6D1512B241D2200D0E3E8 /* Veggie_GardenApp.swift */ = {isa = PBXFileReference; lastKnownFileType = sourcecode.swift; path = Veggie_GardenApp.swift; sourceTree = "<group>"; };
		84E6D1532B241D2200D0E3E8 /* ContentView.swift */ = {isa = PBXFileReference; lastKnownFileType = sourcecode.swift; path = ContentView.swift; sourceTree = "<group>"; };
		84E6D1552B241D2300D0E3E8 /* Assets.xcassets */ = {isa = PBXFileReference; lastKnownFileType = folder.assetcatalog; path = Assets.xcassets; sourceTree = "<group>"; };
		84E6D1582B241D2300D0E3E8 /* Preview Assets.xcassets */ = {isa = PBXFileReference; lastKnownFileType = folder.assetcatalog; path = "Preview Assets.xcassets"; sourceTree = "<group>"; };
		84E6D15E2B241D2300D0E3E8 /* Veggie GardenTests.xctest */ = {isa = PBXFileReference; explicitFileType = wrapper.cfbundle; includeInIndex = 0; path = "Veggie GardenTests.xctest"; sourceTree = BUILT_PRODUCTS_DIR; };
		84E6D1622B241D2300D0E3E8 /* Veggie_GardenTests.swift */ = {isa = PBXFileReference; lastKnownFileType = sourcecode.swift; path = Veggie_GardenTests.swift; sourceTree = "<group>"; };
		84E6D1682B241D2300D0E3E8 /* Veggie GardenUITests.xctest */ = {isa = PBXFileReference; explicitFileType = wrapper.cfbundle; includeInIndex = 0; path = "Veggie GardenUITests.xctest"; sourceTree = BUILT_PRODUCTS_DIR; };
		84E6D16C2B241D2300D0E3E8 /* Veggie_GardenUITests.swift */ = {isa = PBXFileReference; lastKnownFileType = sourcecode.swift; path = Veggie_GardenUITests.swift; sourceTree = "<group>"; };
		84E6D16E2B241D2300D0E3E8 /* Veggie_GardenUITestsLaunchTests.swift */ = {isa = PBXFileReference; lastKnownFileType = sourcecode.swift; path = Veggie_GardenUITestsLaunchTests.swift; sourceTree = "<group>"; };
		84E6D1872B24231B00D0E3E8 /* Homeview.swift */ = {isa = PBXFileReference; lastKnownFileType = sourcecode.swift; path = Homeview.swift; sourceTree = "<group>"; };
		84E6D1C22B25176000D0E3E8 /* GoogleService-Info.plist */ = {isa = PBXFileReference; fileEncoding = 4; lastKnownFileType = text.plist.xml; path = "GoogleService-Info.plist"; sourceTree = "<group>"; };
		84E6D1C42B25C05900D0E3E8 /* AuthManager.swift */ = {isa = PBXFileReference; lastKnownFileType = sourcecode.swift; path = AuthManager.swift; sourceTree = "<group>"; };
		84E6D1C62B25C39400D0E3E8 /* ProfileView.swift */ = {isa = PBXFileReference; lastKnownFileType = sourcecode.swift; path = ProfileView.swift; sourceTree = "<group>"; };
		84E6D1CE2B267AD300D0E3E8 /* SIgnUpView.swift */ = {isa = PBXFileReference; lastKnownFileType = sourcecode.swift; path = SIgnUpView.swift; sourceTree = "<group>"; };
/* End PBXFileReference section */

/* Begin PBXFrameworksBuildPhase section */
		84E6D14B2B241D2200D0E3E8 /* Frameworks */ = {
			isa = PBXFrameworksBuildPhase;
			buildActionMask = 2147483647;
			files = (
				84E6D19F2B25144400D0E3E8 /* FirebaseDatabase in Frameworks */,
				84E6D1AD2B25144400D0E3E8 /* FirebaseFunctionsCombine-Community in Frameworks */,
				84E6D1A52B25144400D0E3E8 /* FirebaseFirestore in Frameworks */,
				84E6D1912B25144400D0E3E8 /* FirebaseAnalyticsSwift in Frameworks */,
				84E6D18D2B25144400D0E3E8 /* FirebaseAnalytics in Frameworks */,
				84E6D18F2B25144400D0E3E8 /* FirebaseAnalyticsOnDeviceConversion in Frameworks */,
				84E6D1B52B25144400D0E3E8 /* FirebaseMLModelDownloader in Frameworks */,
				84E6D1A92B25144400D0E3E8 /* FirebaseFirestoreSwift in Frameworks */,
				84E6D1952B25144400D0E3E8 /* FirebaseAppCheck in Frameworks */,
				84E6D1932B25144400D0E3E8 /* FirebaseAnalyticsWithoutAdIdSupport in Frameworks */,
				84E6D1992B25144400D0E3E8 /* FirebaseAuth in Frameworks */,
				84E6D19D2B25144400D0E3E8 /* FirebaseCrashlytics in Frameworks */,
				84E6D1BD2B25144400D0E3E8 /* FirebaseRemoteConfigSwift in Frameworks */,
				84E6D1AF2B25144400D0E3E8 /* FirebaseInAppMessaging-Beta in Frameworks */,
				84E6D1A12B25144400D0E3E8 /* FirebaseDatabaseSwift in Frameworks */,
				84E6D1AB2B25144400D0E3E8 /* FirebaseFunctions in Frameworks */,
				84E6D1C12B25144400D0E3E8 /* FirebaseStorageCombine-Community in Frameworks */,
				84E6D1BB2B25144400D0E3E8 /* FirebaseRemoteConfig in Frameworks */,
				84E6D1972B25144400D0E3E8 /* FirebaseAppDistribution-Beta in Frameworks */,
				84E6D19B2B25144400D0E3E8 /* FirebaseAuthCombine-Community in Frameworks */,
				84E6D1B92B25144400D0E3E8 /* FirebasePerformance in Frameworks */,
				84E6D1B12B25144400D0E3E8 /* FirebaseInAppMessagingSwift-Beta in Frameworks */,
				84E6D1BF2B25144400D0E3E8 /* FirebaseStorage in Frameworks */,
				84E6D1A32B25144400D0E3E8 /* FirebaseDynamicLinks in Frameworks */,
				84E6D1A72B25144400D0E3E8 /* FirebaseFirestoreCombine-Community in Frameworks */,
				84E6D1B72B25144400D0E3E8 /* FirebaseMessaging in Frameworks */,
				84E6D1B32B25144400D0E3E8 /* FirebaseInstallations in Frameworks */,
			);
			runOnlyForDeploymentPostprocessing = 0;
		};
		84E6D15B2B241D2300D0E3E8 /* Frameworks */ = {
			isa = PBXFrameworksBuildPhase;
			buildActionMask = 2147483647;
			files = (
			);
			runOnlyForDeploymentPostprocessing = 0;
		};
		84E6D1652B241D2300D0E3E8 /* Frameworks */ = {
			isa = PBXFrameworksBuildPhase;
			buildActionMask = 2147483647;
			files = (
			);
			runOnlyForDeploymentPostprocessing = 0;
		};
/* End PBXFrameworksBuildPhase section */

/* Begin PBXGroup section */
		84E6D1452B241D2200D0E3E8 = {
			isa = PBXGroup;
			children = (
				84E6D1502B241D2200D0E3E8 /* Veggie Garden */,
				84E6D1612B241D2300D0E3E8 /* Veggie GardenTests */,
				84E6D16B2B241D2300D0E3E8 /* Veggie GardenUITests */,
				84E6D14F2B241D2200D0E3E8 /* Products */,
			);
			sourceTree = "<group>";
		};
		84E6D14F2B241D2200D0E3E8 /* Products */ = {
			isa = PBXGroup;
			children = (
				84E6D14E2B241D2200D0E3E8 /* Veggie Garden.app */,
				84E6D15E2B241D2300D0E3E8 /* Veggie GardenTests.xctest */,
				84E6D1682B241D2300D0E3E8 /* Veggie GardenUITests.xctest */,
			);
			name = Products;
			sourceTree = "<group>";
		};
		84E6D1502B241D2200D0E3E8 /* Veggie Garden */ = {
			isa = PBXGroup;
			children = (
				84E6D1512B241D2200D0E3E8 /* Veggie_GardenApp.swift */,
				84E6D1532B241D2200D0E3E8 /* ContentView.swift */,
				84E6D1872B24231B00D0E3E8 /* Homeview.swift */,
				84E6D1C42B25C05900D0E3E8 /* AuthManager.swift */,
				84E6D1C62B25C39400D0E3E8 /* ProfileView.swift */,
				84E6D1CE2B267AD300D0E3E8 /* SIgnUpView.swift */,
				84E6D1552B241D2300D0E3E8 /* Assets.xcassets */,
				84E6D1C22B25176000D0E3E8 /* GoogleService-Info.plist */,
				84E6D1572B241D2300D0E3E8 /* Preview Content */,
			);
			path = "Veggie Garden";
			sourceTree = "<group>";
		};
		84E6D1572B241D2300D0E3E8 /* Preview Content */ = {
			isa = PBXGroup;
			children = (
				84E6D1582B241D2300D0E3E8 /* Preview Assets.xcassets */,
			);
			path = "Preview Content";
			sourceTree = "<group>";
		};
		84E6D1612B241D2300D0E3E8 /* Veggie GardenTests */ = {
			isa = PBXGroup;
			children = (
				84E6D1622B241D2300D0E3E8 /* Veggie_GardenTests.swift */,
			);
			path = "Veggie GardenTests";
			sourceTree = "<group>";
		};
		84E6D16B2B241D2300D0E3E8 /* Veggie GardenUITests */ = {
			isa = PBXGroup;
			children = (
				84E6D16C2B241D2300D0E3E8 /* Veggie_GardenUITests.swift */,
				84E6D16E2B241D2300D0E3E8 /* Veggie_GardenUITestsLaunchTests.swift */,
			);
			path = "Veggie GardenUITests";
			sourceTree = "<group>";
		};
/* End PBXGroup section */

/* Begin PBXNativeTarget section */
		84E6D14D2B241D2200D0E3E8 /* Veggie Garden */ = {
			isa = PBXNativeTarget;
			buildConfigurationList = 84E6D1722B241D2300D0E3E8 /* Build configuration list for PBXNativeTarget "Veggie Garden" */;
			buildPhases = (
				84E6D14A2B241D2200D0E3E8 /* Sources */,
				84E6D14B2B241D2200D0E3E8 /* Frameworks */,
				84E6D14C2B241D2200D0E3E8 /* Resources */,
			);
			buildRules = (
			);
			dependencies = (
			);
			name = "Veggie Garden";
			packageProductDependencies = (
				84E6D18C2B25144400D0E3E8 /* FirebaseAnalytics */,
				84E6D18E2B25144400D0E3E8 /* FirebaseAnalyticsOnDeviceConversion */,
				84E6D1902B25144400D0E3E8 /* FirebaseAnalyticsSwift */,
				84E6D1922B25144400D0E3E8 /* FirebaseAnalyticsWithoutAdIdSupport */,
				84E6D1942B25144400D0E3E8 /* FirebaseAppCheck */,
				84E6D1962B25144400D0E3E8 /* FirebaseAppDistribution-Beta */,
				84E6D1982B25144400D0E3E8 /* FirebaseAuth */,
				84E6D19A2B25144400D0E3E8 /* FirebaseAuthCombine-Community */,
				84E6D19C2B25144400D0E3E8 /* FirebaseCrashlytics */,
				84E6D19E2B25144400D0E3E8 /* FirebaseDatabase */,
				84E6D1A02B25144400D0E3E8 /* FirebaseDatabaseSwift */,
				84E6D1A22B25144400D0E3E8 /* FirebaseDynamicLinks */,
				84E6D1A42B25144400D0E3E8 /* FirebaseFirestore */,
				84E6D1A62B25144400D0E3E8 /* FirebaseFirestoreCombine-Community */,
				84E6D1A82B25144400D0E3E8 /* FirebaseFirestoreSwift */,
				84E6D1AA2B25144400D0E3E8 /* FirebaseFunctions */,
				84E6D1AC2B25144400D0E3E8 /* FirebaseFunctionsCombine-Community */,
				84E6D1AE2B25144400D0E3E8 /* FirebaseInAppMessaging-Beta */,
				84E6D1B02B25144400D0E3E8 /* FirebaseInAppMessagingSwift-Beta */,
				84E6D1B22B25144400D0E3E8 /* FirebaseInstallations */,
				84E6D1B42B25144400D0E3E8 /* FirebaseMLModelDownloader */,
				84E6D1B62B25144400D0E3E8 /* FirebaseMessaging */,
				84E6D1B82B25144400D0E3E8 /* FirebasePerformance */,
				84E6D1BA2B25144400D0E3E8 /* FirebaseRemoteConfig */,
				84E6D1BC2B25144400D0E3E8 /* FirebaseRemoteConfigSwift */,
				84E6D1BE2B25144400D0E3E8 /* FirebaseStorage */,
				84E6D1C02B25144400D0E3E8 /* FirebaseStorageCombine-Community */,
			);
			productName = "Veggie Garden";
			productReference = 84E6D14E2B241D2200D0E3E8 /* Veggie Garden.app */;
			productType = "com.apple.product-type.application";
		};
		84E6D15D2B241D2300D0E3E8 /* Veggie GardenTests */ = {
			isa = PBXNativeTarget;
			buildConfigurationList = 84E6D1752B241D2300D0E3E8 /* Build configuration list for PBXNativeTarget "Veggie GardenTests" */;
			buildPhases = (
				84E6D15A2B241D2300D0E3E8 /* Sources */,
				84E6D15B2B241D2300D0E3E8 /* Frameworks */,
				84E6D15C2B241D2300D0E3E8 /* Resources */,
			);
			buildRules = (
			);
			dependencies = (
				84E6D1602B241D2300D0E3E8 /* PBXTargetDependency */,
			);
			name = "Veggie GardenTests";
			productName = "Veggie GardenTests";
			productReference = 84E6D15E2B241D2300D0E3E8 /* Veggie GardenTests.xctest */;
			productType = "com.apple.product-type.bundle.unit-test";
		};
		84E6D1672B241D2300D0E3E8 /* Veggie GardenUITests */ = {
			isa = PBXNativeTarget;
			buildConfigurationList = 84E6D1782B241D2300D0E3E8 /* Build configuration list for PBXNativeTarget "Veggie GardenUITests" */;
			buildPhases = (
				84E6D1642B241D2300D0E3E8 /* Sources */,
				84E6D1652B241D2300D0E3E8 /* Frameworks */,
				84E6D1662B241D2300D0E3E8 /* Resources */,
			);
			buildRules = (
			);
			dependencies = (
				84E6D16A2B241D2300D0E3E8 /* PBXTargetDependency */,
			);
			name = "Veggie GardenUITests";
			productName = "Veggie GardenUITests";
			productReference = 84E6D1682B241D2300D0E3E8 /* Veggie GardenUITests.xctest */;
			productType = "com.apple.product-type.bundle.ui-testing";
		};
/* End PBXNativeTarget section */

/* Begin PBXProject section */
		84E6D1462B241D2200D0E3E8 /* Project object */ = {
			isa = PBXProject;
			attributes = {
				BuildIndependentTargetsInParallel = 1;
				LastSwiftUpdateCheck = 1500;
				LastUpgradeCheck = 1500;
				TargetAttributes = {
					84E6D14D2B241D2200D0E3E8 = {
						CreatedOnToolsVersion = 15.0.1;
					};
					84E6D15D2B241D2300D0E3E8 = {
						CreatedOnToolsVersion = 15.0.1;
						TestTargetID = 84E6D14D2B241D2200D0E3E8;
					};
					84E6D1672B241D2300D0E3E8 = {
						CreatedOnToolsVersion = 15.0.1;
						TestTargetID = 84E6D14D2B241D2200D0E3E8;
					};
				};
			};
			buildConfigurationList = 84E6D1492B241D2200D0E3E8 /* Build configuration list for PBXProject "Veggie Garden" */;
			compatibilityVersion = "Xcode 14.0";
			developmentRegion = en;
			hasScannedForEncodings = 0;
			knownRegions = (
				en,
				Base,
			);
			mainGroup = 84E6D1452B241D2200D0E3E8;
			packageReferences = (
				84E6D18B2B25144400D0E3E8 /* XCRemoteSwiftPackageReference "firebase-ios-sdk" */,
			);
			productRefGroup = 84E6D14F2B241D2200D0E3E8 /* Products */;
			projectDirPath = "";
			projectRoot = "";
			targets = (
				84E6D14D2B241D2200D0E3E8 /* Veggie Garden */,
				84E6D15D2B241D2300D0E3E8 /* Veggie GardenTests */,
				84E6D1672B241D2300D0E3E8 /* Veggie GardenUITests */,
			);
		};
/* End PBXProject section */

/* Begin PBXResourcesBuildPhase section */
		84E6D14C2B241D2200D0E3E8 /* Resources */ = {
			isa = PBXResourcesBuildPhase;
			buildActionMask = 2147483647;
			files = (
				84E6D1592B241D2300D0E3E8 /* Preview Assets.xcassets in Resources */,
				84E6D1562B241D2300D0E3E8 /* Assets.xcassets in Resources */,
				84E6D1C32B25176000D0E3E8 /* GoogleService-Info.plist in Resources */,
			);
			runOnlyForDeploymentPostprocessing = 0;
		};
		84E6D15C2B241D2300D0E3E8 /* Resources */ = {
			isa = PBXResourcesBuildPhase;
			buildActionMask = 2147483647;
			files = (
			);
			runOnlyForDeploymentPostprocessing = 0;
		};
		84E6D1662B241D2300D0E3E8 /* Resources */ = {
			isa = PBXResourcesBuildPhase;
			buildActionMask = 2147483647;
			files = (
			);
			runOnlyForDeploymentPostprocessing = 0;
		};
/* End PBXResourcesBuildPhase section */

/* Begin PBXSourcesBuildPhase section */
		84E6D14A2B241D2200D0E3E8 /* Sources */ = {
			isa = PBXSourcesBuildPhase;
			buildActionMask = 2147483647;
			files = (
				84E6D1882B24231B00D0E3E8 /* Homeview.swift in Sources */,
				84E6D1542B241D2200D0E3E8 /* ContentView.swift in Sources */,
				84E6D1CF2B267AD300D0E3E8 /* SIgnUpView.swift in Sources */,
				84E6D1522B241D2200D0E3E8 /* Veggie_GardenApp.swift in Sources */,
				84E6D1C72B25C39400D0E3E8 /* ProfileView.swift in Sources */,
				84E6D1C52B25C05900D0E3E8 /* AuthManager.swift in Sources */,
			);
			runOnlyForDeploymentPostprocessing = 0;
		};
		84E6D15A2B241D2300D0E3E8 /* Sources */ = {
			isa = PBXSourcesBuildPhase;
			buildActionMask = 2147483647;
			files = (
				84E6D1D02B267AD300D0E3E8 /* SIgnUpView.swift in Sources */,
				84E6D1632B241D2300D0E3E8 /* Veggie_GardenTests.swift in Sources */,
				84E6D1C82B25C39400D0E3E8 /* ProfileView.swift in Sources */,
				84E6D1892B24231B00D0E3E8 /* Homeview.swift in Sources */,
			);
			runOnlyForDeploymentPostprocessing = 0;
		};
		84E6D1642B241D2300D0E3E8 /* Sources */ = {
			isa = PBXSourcesBuildPhase;
			buildActionMask = 2147483647;
			files = (
				84E6D1C92B25C39400D0E3E8 /* ProfileView.swift in Sources */,
				84E6D16F2B241D2300D0E3E8 /* Veggie_GardenUITestsLaunchTests.swift in Sources */,
				84E6D16D2B241D2300D0E3E8 /* Veggie_GardenUITests.swift in Sources */,
				84E6D18A2B24231B00D0E3E8 /* Homeview.swift in Sources */,
				84E6D1D12B267AD300D0E3E8 /* SIgnUpView.swift in Sources */,
			);
			runOnlyForDeploymentPostprocessing = 0;
		};
/* End PBXSourcesBuildPhase section */

/* Begin PBXTargetDependency section */
		84E6D1602B241D2300D0E3E8 /* PBXTargetDependency */ = {
			isa = PBXTargetDependency;
			target = 84E6D14D2B241D2200D0E3E8 /* Veggie Garden */;
			targetProxy = 84E6D15F2B241D2300D0E3E8 /* PBXContainerItemProxy */;
		};
		84E6D16A2B241D2300D0E3E8 /* PBXTargetDependency */ = {
			isa = PBXTargetDependency;
			target = 84E6D14D2B241D2200D0E3E8 /* Veggie Garden */;
			targetProxy = 84E6D1692B241D2300D0E3E8 /* PBXContainerItemProxy */;
		};
/* End PBXTargetDependency section */

/* Begin XCBuildConfiguration section */
		84E6D1702B241D2300D0E3E8 /* Debug */ = {
			isa = XCBuildConfiguration;
			buildSettings = {
				ALWAYS_SEARCH_USER_PATHS = NO;
				ASSETCATALOG_COMPILER_GENERATE_SWIFT_ASSET_SYMBOL_EXTENSIONS = YES;
				CLANG_ANALYZER_NONNULL = YES;
				CLANG_ANALYZER_NUMBER_OBJECT_CONVERSION = YES_AGGRESSIVE;
				CLANG_CXX_LANGUAGE_STANDARD = "gnu++20";
				CLANG_ENABLE_MODULES = YES;
				CLANG_ENABLE_OBJC_ARC = YES;
				CLANG_ENABLE_OBJC_WEAK = YES;
				CLANG_WARN_BLOCK_CAPTURE_AUTORELEASING = YES;
				CLANG_WARN_BOOL_CONVERSION = YES;
				CLANG_WARN_COMMA = YES;
				CLANG_WARN_CONSTANT_CONVERSION = YES;
				CLANG_WARN_DEPRECATED_OBJC_IMPLEMENTATIONS = YES;
				CLANG_WARN_DIRECT_OBJC_ISA_USAGE = YES_ERROR;
				CLANG_WARN_DOCUMENTATION_COMMENTS = YES;
				CLANG_WARN_EMPTY_BODY = YES;
				CLANG_WARN_ENUM_CONVERSION = YES;
				CLANG_WARN_INFINITE_RECURSION = YES;
				CLANG_WARN_INT_CONVERSION = YES;
				CLANG_WARN_NON_LITERAL_NULL_CONVERSION = YES;
				CLANG_WARN_OBJC_IMPLICIT_RETAIN_SELF = YES;
				CLANG_WARN_OBJC_LITERAL_CONVERSION = YES;
				CLANG_WARN_OBJC_ROOT_CLASS = YES_ERROR;
				CLANG_WARN_QUOTED_INCLUDE_IN_FRAMEWORK_HEADER = YES;
				CLANG_WARN_RANGE_LOOP_ANALYSIS = YES;
				CLANG_WARN_STRICT_PROTOTYPES = YES;
				CLANG_WARN_SUSPICIOUS_MOVE = YES;
				CLANG_WARN_UNGUARDED_AVAILABILITY = YES_AGGRESSIVE;
				CLANG_WARN_UNREACHABLE_CODE = YES;
				CLANG_WARN__DUPLICATE_METHOD_MATCH = YES;
				COPY_PHASE_STRIP = NO;
				DEBUG_INFORMATION_FORMAT = dwarf;
				ENABLE_STRICT_OBJC_MSGSEND = YES;
				ENABLE_TESTABILITY = YES;
				ENABLE_USER_SCRIPT_SANDBOXING = YES;
				GCC_C_LANGUAGE_STANDARD = gnu17;
				GCC_DYNAMIC_NO_PIC = NO;
				GCC_NO_COMMON_BLOCKS = YES;
				GCC_OPTIMIZATION_LEVEL = 0;
				GCC_PREPROCESSOR_DEFINITIONS = (
					"DEBUG=1",
					"$(inherited)",
				);
				GCC_WARN_64_TO_32_BIT_CONVERSION = YES;
				GCC_WARN_ABOUT_RETURN_TYPE = YES_ERROR;
				GCC_WARN_UNDECLARED_SELECTOR = YES;
				GCC_WARN_UNINITIALIZED_AUTOS = YES_AGGRESSIVE;
				GCC_WARN_UNUSED_FUNCTION = YES;
				GCC_WARN_UNUSED_VARIABLE = YES;
				IPHONEOS_DEPLOYMENT_TARGET = 17.0;
				LOCALIZATION_PREFERS_STRING_CATALOGS = YES;
				MTL_ENABLE_DEBUG_INFO = INCLUDE_SOURCE;
				MTL_FAST_MATH = YES;
				ONLY_ACTIVE_ARCH = YES;
				SDKROOT = iphoneos;
				SWIFT_ACTIVE_COMPILATION_CONDITIONS = "DEBUG $(inherited)";
				SWIFT_OPTIMIZATION_LEVEL = "-Onone";
			};
			name = Debug;
		};
		84E6D1712B241D2300D0E3E8 /* Release */ = {
			isa = XCBuildConfiguration;
			buildSettings = {
				ALWAYS_SEARCH_USER_PATHS = NO;
				ASSETCATALOG_COMPILER_GENERATE_SWIFT_ASSET_SYMBOL_EXTENSIONS = YES;
				CLANG_ANALYZER_NONNULL = YES;
				CLANG_ANALYZER_NUMBER_OBJECT_CONVERSION = YES_AGGRESSIVE;
				CLANG_CXX_LANGUAGE_STANDARD = "gnu++20";
				CLANG_ENABLE_MODULES = YES;
				CLANG_ENABLE_OBJC_ARC = YES;
				CLANG_ENABLE_OBJC_WEAK = YES;
				CLANG_WARN_BLOCK_CAPTURE_AUTORELEASING = YES;
				CLANG_WARN_BOOL_CONVERSION = YES;
				CLANG_WARN_COMMA = YES;
				CLANG_WARN_CONSTANT_CONVERSION = YES;
				CLANG_WARN_DEPRECATED_OBJC_IMPLEMENTATIONS = YES;
				CLANG_WARN_DIRECT_OBJC_ISA_USAGE = YES_ERROR;
				CLANG_WARN_DOCUMENTATION_COMMENTS = YES;
				CLANG_WARN_EMPTY_BODY = YES;
				CLANG_WARN_ENUM_CONVERSION = YES;
				CLANG_WARN_INFINITE_RECURSION = YES;
				CLANG_WARN_INT_CONVERSION = YES;
				CLANG_WARN_NON_LITERAL_NULL_CONVERSION = YES;
				CLANG_WARN_OBJC_IMPLICIT_RETAIN_SELF = YES;
				CLANG_WARN_OBJC_LITERAL_CONVERSION = YES;
				CLANG_WARN_OBJC_ROOT_CLASS = YES_ERROR;
				CLANG_WARN_QUOTED_INCLUDE_IN_FRAMEWORK_HEADER = YES;
				CLANG_WARN_RANGE_LOOP_ANALYSIS = YES;
				CLANG_WARN_STRICT_PROTOTYPES = YES;
				CLANG_WARN_SUSPICIOUS_MOVE = YES;
				CLANG_WARN_UNGUARDED_AVAILABILITY = YES_AGGRESSIVE;
				CLANG_WARN_UNREACHABLE_CODE = YES;
				CLANG_WARN__DUPLICATE_METHOD_MATCH = YES;
				COPY_PHASE_STRIP = NO;
				DEBUG_INFORMATION_FORMAT = "dwarf-with-dsym";
				ENABLE_NS_ASSERTIONS = NO;
				ENABLE_STRICT_OBJC_MSGSEND = YES;
				ENABLE_USER_SCRIPT_SANDBOXING = YES;
				GCC_C_LANGUAGE_STANDARD = gnu17;
				GCC_NO_COMMON_BLOCKS = YES;
				GCC_WARN_64_TO_32_BIT_CONVERSION = YES;
				GCC_WARN_ABOUT_RETURN_TYPE = YES_ERROR;
				GCC_WARN_UNDECLARED_SELECTOR = YES;
				GCC_WARN_UNINITIALIZED_AUTOS = YES_AGGRESSIVE;
				GCC_WARN_UNUSED_FUNCTION = YES;
				GCC_WARN_UNUSED_VARIABLE = YES;
				IPHONEOS_DEPLOYMENT_TARGET = 17.0;
				LOCALIZATION_PREFERS_STRING_CATALOGS = YES;
				MTL_ENABLE_DEBUG_INFO = NO;
				MTL_FAST_MATH = YES;
				SDKROOT = iphoneos;
				SWIFT_COMPILATION_MODE = wholemodule;
				VALIDATE_PRODUCT = YES;
			};
			name = Release;
		};
		84E6D1732B241D2300D0E3E8 /* Debug */ = {
			isa = XCBuildConfiguration;
			buildSettings = {
				ASSETCATALOG_COMPILER_APPICON_NAME = AppIcon;
				ASSETCATALOG_COMPILER_GLOBAL_ACCENT_COLOR_NAME = AccentColor;
				CODE_SIGN_STYLE = Automatic;
				CURRENT_PROJECT_VERSION = 2;
				DEVELOPMENT_ASSET_PATHS = "\"Veggie Garden/Preview Content\"";
				DEVELOPMENT_TEAM = ZRVTT6454A;
				ENABLE_PREVIEWS = YES;
				GENERATE_INFOPLIST_FILE = YES;
				INFOPLIST_KEY_UIApplicationSceneManifest_Generation = YES;
				INFOPLIST_KEY_UIApplicationSupportsIndirectInputEvents = YES;
				INFOPLIST_KEY_UILaunchScreen_Generation = YES;
				INFOPLIST_KEY_UISupportedInterfaceOrientations_iPad = "UIInterfaceOrientationPortrait UIInterfaceOrientationPortraitUpsideDown UIInterfaceOrientationLandscapeLeft UIInterfaceOrientationLandscapeRight";
				INFOPLIST_KEY_UISupportedInterfaceOrientations_iPhone = "UIInterfaceOrientationPortrait UIInterfaceOrientationLandscapeLeft UIInterfaceOrientationLandscapeRight";
				LD_RUNPATH_SEARCH_PATHS = (
					"$(inherited)",
					"@executable_path/Frameworks",
				);
				MARKETING_VERSION = 0.1.0;
				PRODUCT_BUNDLE_IDENTIFIER = "com.example.Veggie-Garden";
				PRODUCT_NAME = "$(TARGET_NAME)";
				SWIFT_EMIT_LOC_STRINGS = YES;
				SWIFT_VERSION = 5.0;
				TARGETED_DEVICE_FAMILY = "1,2";
			};
			name = Debug;
		};
		84E6D1742B241D2300D0E3E8 /* Release */ = {
			isa = XCBuildConfiguration;
			buildSettings = {
				ASSETCATALOG_COMPILER_APPICON_NAME = AppIcon;
				ASSETCATALOG_COMPILER_GLOBAL_ACCENT_COLOR_NAME = AccentColor;
				CODE_SIGN_STYLE = Automatic;
				CURRENT_PROJECT_VERSION = 2;
				DEVELOPMENT_ASSET_PATHS = "\"Veggie Garden/Preview Content\"";
				DEVELOPMENT_TEAM = ZRVTT6454A;
				ENABLE_PREVIEWS = YES;
				GENERATE_INFOPLIST_FILE = YES;
				INFOPLIST_KEY_UIApplicationSceneManifest_Generation = YES;
				INFOPLIST_KEY_UIApplicationSupportsIndirectInputEvents = YES;
				INFOPLIST_KEY_UILaunchScreen_Generation = YES;
				INFOPLIST_KEY_UISupportedInterfaceOrientations_iPad = "UIInterfaceOrientationPortrait UIInterfaceOrientationPortraitUpsideDown UIInterfaceOrientationLandscapeLeft UIInterfaceOrientationLandscapeRight";
				INFOPLIST_KEY_UISupportedInterfaceOrientations_iPhone = "UIInterfaceOrientationPortrait UIInterfaceOrientationLandscapeLeft UIInterfaceOrientationLandscapeRight";
				LD_RUNPATH_SEARCH_PATHS = (
					"$(inherited)",
					"@executable_path/Frameworks",
				);
				MARKETING_VERSION = 0.1.0;
				PRODUCT_BUNDLE_IDENTIFIER = "com.example.Veggie-Garden";
				PRODUCT_NAME = "$(TARGET_NAME)";
				SWIFT_EMIT_LOC_STRINGS = YES;
				SWIFT_VERSION = 5.0;
				TARGETED_DEVICE_FAMILY = "1,2";
			};
			name = Release;
		};
		84E6D1762B241D2300D0E3E8 /* Debug */ = {
			isa = XCBuildConfiguration;
			buildSettings = {
				ALWAYS_EMBED_SWIFT_STANDARD_LIBRARIES = YES;
				BUNDLE_LOADER = "$(TEST_HOST)";
				CODE_SIGN_STYLE = Automatic;
				CURRENT_PROJECT_VERSION = 1;
				DEVELOPMENT_TEAM = ZRVTT6454A;
				GENERATE_INFOPLIST_FILE = YES;
				IPHONEOS_DEPLOYMENT_TARGET = 17.0;
				MARKETING_VERSION = 1.0;
				PRODUCT_BUNDLE_IDENTIFIER = "com.example.Veggie-GardenTests";
				PRODUCT_NAME = "$(TARGET_NAME)";
				SWIFT_EMIT_LOC_STRINGS = NO;
				SWIFT_VERSION = 5.0;
				TARGETED_DEVICE_FAMILY = "1,2";
				TEST_HOST = "$(BUILT_PRODUCTS_DIR)/Veggie Garden.app/$(BUNDLE_EXECUTABLE_FOLDER_PATH)/Veggie Garden";
			};
			name = Debug;
		};
		84E6D1772B241D2300D0E3E8 /* Release */ = {
			isa = XCBuildConfiguration;
			buildSettings = {
				ALWAYS_EMBED_SWIFT_STANDARD_LIBRARIES = YES;
				BUNDLE_LOADER = "$(TEST_HOST)";
				CODE_SIGN_STYLE = Automatic;
				CURRENT_PROJECT_VERSION = 1;
				DEVELOPMENT_TEAM = ZRVTT6454A;
				GENERATE_INFOPLIST_FILE = YES;
				IPHONEOS_DEPLOYMENT_TARGET = 17.0;
				MARKETING_VERSION = 1.0;
				PRODUCT_BUNDLE_IDENTIFIER = "com.example.Veggie-GardenTests";
				PRODUCT_NAME = "$(TARGET_NAME)";
				SWIFT_EMIT_LOC_STRINGS = NO;
				SWIFT_VERSION = 5.0;
				TARGETED_DEVICE_FAMILY = "1,2";
				TEST_HOST = "$(BUILT_PRODUCTS_DIR)/Veggie Garden.app/$(BUNDLE_EXECUTABLE_FOLDER_PATH)/Veggie Garden";
			};
			name = Release;
		};
		84E6D1792B241D2300D0E3E8 /* Debug */ = {
			isa = XCBuildConfiguration;
			buildSettings = {
				ALWAYS_EMBED_SWIFT_STANDARD_LIBRARIES = YES;
				CODE_SIGN_STYLE = Automatic;
				CURRENT_PROJECT_VERSION = 1;
				DEVELOPMENT_TEAM = ZRVTT6454A;
				GENERATE_INFOPLIST_FILE = YES;
				MARKETING_VERSION = 1.0;
				PRODUCT_BUNDLE_IDENTIFIER = "com.example.Veggie-GardenUITests";
				PRODUCT_NAME = "$(TARGET_NAME)";
				SWIFT_EMIT_LOC_STRINGS = NO;
				SWIFT_VERSION = 5.0;
				TARGETED_DEVICE_FAMILY = "1,2";
				TEST_TARGET_NAME = "Veggie Garden";
			};
			name = Debug;
		};
		84E6D17A2B241D2300D0E3E8 /* Release */ = {
			isa = XCBuildConfiguration;
			buildSettings = {
				ALWAYS_EMBED_SWIFT_STANDARD_LIBRARIES = YES;
				CODE_SIGN_STYLE = Automatic;
				CURRENT_PROJECT_VERSION = 1;
				DEVELOPMENT_TEAM = ZRVTT6454A;
				GENERATE_INFOPLIST_FILE = YES;
				MARKETING_VERSION = 1.0;
				PRODUCT_BUNDLE_IDENTIFIER = "com.example.Veggie-GardenUITests";
				PRODUCT_NAME = "$(TARGET_NAME)";
				SWIFT_EMIT_LOC_STRINGS = NO;
				SWIFT_VERSION = 5.0;
				TARGETED_DEVICE_FAMILY = "1,2";
				TEST_TARGET_NAME = "Veggie Garden";
			};
			name = Release;
		};
/* End XCBuildConfiguration section */

/* Begin XCConfigurationList section */
		84E6D1492B241D2200D0E3E8 /* Build configuration list for PBXProject "Veggie Garden" */ = {
			isa = XCConfigurationList;
			buildConfigurations = (
				84E6D1702B241D2300D0E3E8 /* Debug */,
				84E6D1712B241D2300D0E3E8 /* Release */,
			);
			defaultConfigurationIsVisible = 0;
			defaultConfigurationName = Release;
		};
		84E6D1722B241D2300D0E3E8 /* Build configuration list for PBXNativeTarget "Veggie Garden" */ = {
			isa = XCConfigurationList;
			buildConfigurations = (
				84E6D1732B241D2300D0E3E8 /* Debug */,
				84E6D1742B241D2300D0E3E8 /* Release */,
			);
			defaultConfigurationIsVisible = 0;
			defaultConfigurationName = Release;
		};
		84E6D1752B241D2300D0E3E8 /* Build configuration list for PBXNativeTarget "Veggie GardenTests" */ = {
			isa = XCConfigurationList;
			buildConfigurations = (
				84E6D1762B241D2300D0E3E8 /* Debug */,
				84E6D1772B241D2300D0E3E8 /* Release */,
			);
			defaultConfigurationIsVisible = 0;
			defaultConfigurationName = Release;
		};
		84E6D1782B241D2300D0E3E8 /* Build configuration list for PBXNativeTarget "Veggie GardenUITests" */ = {
			isa = XCConfigurationList;
			buildConfigurations = (
				84E6D1792B241D2300D0E3E8 /* Debug */,
				84E6D17A2B241D2300D0E3E8 /* Release */,
			);
			defaultConfigurationIsVisible = 0;
			defaultConfigurationName = Release;
		};
/* End XCConfigurationList section */

/* Begin XCRemoteSwiftPackageReference section */
		84E6D18B2B25144400D0E3E8 /* XCRemoteSwiftPackageReference "firebase-ios-sdk" */ = {
			isa = XCRemoteSwiftPackageReference;
			repositoryURL = "https://github.com/firebase/firebase-ios-sdk.git";
			requirement = {
				kind = upToNextMajorVersion;
				minimumVersion = 10.19.0;
			};
		};
/* End XCRemoteSwiftPackageReference section */

/* Begin XCSwiftPackageProductDependency section */
		84E6D18C2B25144400D0E3E8 /* FirebaseAnalytics */ = {
			isa = XCSwiftPackageProductDependency;
			package = 84E6D18B2B25144400D0E3E8 /* XCRemoteSwiftPackageReference "firebase-ios-sdk" */;
			productName = FirebaseAnalytics;
		};
		84E6D18E2B25144400D0E3E8 /* FirebaseAnalyticsOnDeviceConversion */ = {
			isa = XCSwiftPackageProductDependency;
			package = 84E6D18B2B25144400D0E3E8 /* XCRemoteSwiftPackageReference "firebase-ios-sdk" */;
			productName = FirebaseAnalyticsOnDeviceConversion;
		};
		84E6D1902B25144400D0E3E8 /* FirebaseAnalyticsSwift */ = {
			isa = XCSwiftPackageProductDependency;
			package = 84E6D18B2B25144400D0E3E8 /* XCRemoteSwiftPackageReference "firebase-ios-sdk" */;
			productName = FirebaseAnalyticsSwift;
		};
		84E6D1922B25144400D0E3E8 /* FirebaseAnalyticsWithoutAdIdSupport */ = {
			isa = XCSwiftPackageProductDependency;
			package = 84E6D18B2B25144400D0E3E8 /* XCRemoteSwiftPackageReference "firebase-ios-sdk" */;
			productName = FirebaseAnalyticsWithoutAdIdSupport;
		};
		84E6D1942B25144400D0E3E8 /* FirebaseAppCheck */ = {
			isa = XCSwiftPackageProductDependency;
			package = 84E6D18B2B25144400D0E3E8 /* XCRemoteSwiftPackageReference "firebase-ios-sdk" */;
			productName = FirebaseAppCheck;
		};
		84E6D1962B25144400D0E3E8 /* FirebaseAppDistribution-Beta */ = {
			isa = XCSwiftPackageProductDependency;
			package = 84E6D18B2B25144400D0E3E8 /* XCRemoteSwiftPackageReference "firebase-ios-sdk" */;
			productName = "FirebaseAppDistribution-Beta";
		};
		84E6D1982B25144400D0E3E8 /* FirebaseAuth */ = {
			isa = XCSwiftPackageProductDependency;
			package = 84E6D18B2B25144400D0E3E8 /* XCRemoteSwiftPackageReference "firebase-ios-sdk" */;
			productName = FirebaseAuth;
		};
		84E6D19A2B25144400D0E3E8 /* FirebaseAuthCombine-Community */ = {
			isa = XCSwiftPackageProductDependency;
			package = 84E6D18B2B25144400D0E3E8 /* XCRemoteSwiftPackageReference "firebase-ios-sdk" */;
			productName = "FirebaseAuthCombine-Community";
		};
		84E6D19C2B25144400D0E3E8 /* FirebaseCrashlytics */ = {
			isa = XCSwiftPackageProductDependency;
			package = 84E6D18B2B25144400D0E3E8 /* XCRemoteSwiftPackageReference "firebase-ios-sdk" */;
			productName = FirebaseCrashlytics;
		};
		84E6D19E2B25144400D0E3E8 /* FirebaseDatabase */ = {
			isa = XCSwiftPackageProductDependency;
			package = 84E6D18B2B25144400D0E3E8 /* XCRemoteSwiftPackageReference "firebase-ios-sdk" */;
			productName = FirebaseDatabase;
		};
		84E6D1A02B25144400D0E3E8 /* FirebaseDatabaseSwift */ = {
			isa = XCSwiftPackageProductDependency;
			package = 84E6D18B2B25144400D0E3E8 /* XCRemoteSwiftPackageReference "firebase-ios-sdk" */;
			productName = FirebaseDatabaseSwift;
		};
		84E6D1A22B25144400D0E3E8 /* FirebaseDynamicLinks */ = {
			isa = XCSwiftPackageProductDependency;
			package = 84E6D18B2B25144400D0E3E8 /* XCRemoteSwiftPackageReference "firebase-ios-sdk" */;
			productName = FirebaseDynamicLinks;
		};
		84E6D1A42B25144400D0E3E8 /* FirebaseFirestore */ = {
			isa = XCSwiftPackageProductDependency;
			package = 84E6D18B2B25144400D0E3E8 /* XCRemoteSwiftPackageReference "firebase-ios-sdk" */;
			productName = FirebaseFirestore;
		};
		84E6D1A62B25144400D0E3E8 /* FirebaseFirestoreCombine-Community */ = {
			isa = XCSwiftPackageProductDependency;
			package = 84E6D18B2B25144400D0E3E8 /* XCRemoteSwiftPackageReference "firebase-ios-sdk" */;
			productName = "FirebaseFirestoreCombine-Community";
		};
		84E6D1A82B25144400D0E3E8 /* FirebaseFirestoreSwift */ = {
			isa = XCSwiftPackageProductDependency;
			package = 84E6D18B2B25144400D0E3E8 /* XCRemoteSwiftPackageReference "firebase-ios-sdk" */;
			productName = FirebaseFirestoreSwift;
		};
		84E6D1AA2B25144400D0E3E8 /* FirebaseFunctions */ = {
			isa = XCSwiftPackageProductDependency;
			package = 84E6D18B2B25144400D0E3E8 /* XCRemoteSwiftPackageReference "firebase-ios-sdk" */;
			productName = FirebaseFunctions;
		};
		84E6D1AC2B25144400D0E3E8 /* FirebaseFunctionsCombine-Community */ = {
			isa = XCSwiftPackageProductDependency;
			package = 84E6D18B2B25144400D0E3E8 /* XCRemoteSwiftPackageReference "firebase-ios-sdk" */;
			productName = "FirebaseFunctionsCombine-Community";
		};
		84E6D1AE2B25144400D0E3E8 /* FirebaseInAppMessaging-Beta */ = {
			isa = XCSwiftPackageProductDependency;
			package = 84E6D18B2B25144400D0E3E8 /* XCRemoteSwiftPackageReference "firebase-ios-sdk" */;
			productName = "FirebaseInAppMessaging-Beta";
		};
		84E6D1B02B25144400D0E3E8 /* FirebaseInAppMessagingSwift-Beta */ = {
			isa = XCSwiftPackageProductDependency;
			package = 84E6D18B2B25144400D0E3E8 /* XCRemoteSwiftPackageReference "firebase-ios-sdk" */;
			productName = "FirebaseInAppMessagingSwift-Beta";
		};
		84E6D1B22B25144400D0E3E8 /* FirebaseInstallations */ = {
			isa = XCSwiftPackageProductDependency;
			package = 84E6D18B2B25144400D0E3E8 /* XCRemoteSwiftPackageReference "firebase-ios-sdk" */;
			productName = FirebaseInstallations;
		};
		84E6D1B42B25144400D0E3E8 /* FirebaseMLModelDownloader */ = {
			isa = XCSwiftPackageProductDependency;
			package = 84E6D18B2B25144400D0E3E8 /* XCRemoteSwiftPackageReference "firebase-ios-sdk" */;
			productName = FirebaseMLModelDownloader;
		};
		84E6D1B62B25144400D0E3E8 /* FirebaseMessaging */ = {
			isa = XCSwiftPackageProductDependency;
			package = 84E6D18B2B25144400D0E3E8 /* XCRemoteSwiftPackageReference "firebase-ios-sdk" */;
			productName = FirebaseMessaging;
		};
		84E6D1B82B25144400D0E3E8 /* FirebasePerformance */ = {
			isa = XCSwiftPackageProductDependency;
			package = 84E6D18B2B25144400D0E3E8 /* XCRemoteSwiftPackageReference "firebase-ios-sdk" */;
			productName = FirebasePerformance;
		};
		84E6D1BA2B25144400D0E3E8 /* FirebaseRemoteConfig */ = {
			isa = XCSwiftPackageProductDependency;
			package = 84E6D18B2B25144400D0E3E8 /* XCRemoteSwiftPackageReference "firebase-ios-sdk" */;
			productName = FirebaseRemoteConfig;
		};
		84E6D1BC2B25144400D0E3E8 /* FirebaseRemoteConfigSwift */ = {
			isa = XCSwiftPackageProductDependency;
			package = 84E6D18B2B25144400D0E3E8 /* XCRemoteSwiftPackageReference "firebase-ios-sdk" */;
			productName = FirebaseRemoteConfigSwift;
		};
		84E6D1BE2B25144400D0E3E8 /* FirebaseStorage */ = {
			isa = XCSwiftPackageProductDependency;
			package = 84E6D18B2B25144400D0E3E8 /* XCRemoteSwiftPackageReference "firebase-ios-sdk" */;
			productName = FirebaseStorage;
		};
		84E6D1C02B25144400D0E3E8 /* FirebaseStorageCombine-Community */ = {
			isa = XCSwiftPackageProductDependency;
			package = 84E6D18B2B25144400D0E3E8 /* XCRemoteSwiftPackageReference "firebase-ios-sdk" */;
			productName = "FirebaseStorageCombine-Community";
		};
/* End XCSwiftPackageProductDependency section */
	};
	rootObject = 84E6D1462B241D2200D0E3E8 /* Project object */;
}
